
Microsoft Visual Studio Solution File, Format Version 12.00
# Visual Studio Version 16
VisualStudioVersion = 16.0.28922.388
MinimumVisualStudioVersion = 15.0.26124.0
Project("{FAE04EC0-301F-11D3-BF4B-00C04F79EFBC}") = "Functions.Extensions.CircuitBreaker", "Functions.Extensions.CircuitBreaker\Functions.Extensions.CircuitBreaker.csproj", "{40075290-CD4A-4D7C-BFF7-BA587340A0DF}"
EndProject
Project("{FAE04EC0-301F-11D3-BF4B-00C04F79EFBC}") = "Functions.CircuitBreaker", "Functions.CircuitBreaker\Functions.CircuitBreaker.csproj", "{935A0A72-922E-44BD-B470-7408E0783563}"
EndProject
Project("{FAE04EC0-301F-11D3-BF4B-00C04F79EFBC}") = "Functions.Sample", "Functions.Sample\Functions.Sample.csproj", "{70C75018-A453-4EDA-8C1D-41F0AC928732}"
EndProject
Global
	GlobalSection(SolutionConfigurationPlatforms) = preSolution
		Debug|Any CPU = Debug|Any CPU
		Debug|x64 = Debug|x64
		Debug|x86 = Debug|x86
		Release|Any CPU = Release|Any CPU
		Release|x64 = Release|x64
		Release|x86 = Release|x86
	EndGlobalSection
	GlobalSection(ProjectConfigurationPlatforms) = postSolution
		{40075290-CD4A-4D7C-BFF7-BA587340A0DF}.Debug|Any CPU.ActiveCfg = Debug|Any CPU
		{40075290-CD4A-4D7C-BFF7-BA587340A0DF}.Debug|Any CPU.Build.0 = Debug|Any CPU
		{40075290-CD4A-4D7C-BFF7-BA587340A0DF}.Debug|x64.ActiveCfg = Debug|Any CPU
		{40075290-CD4A-4D7C-BFF7-BA587340A0DF}.Debug|x64.Build.0 = Debug|Any CPU
		{40075290-CD4A-4D7C-BFF7-BA587340A0DF}.Debug|x86.ActiveCfg = Debug|Any CPU
		{40075290-CD4A-4D7C-BFF7-BA587340A0DF}.Debug|x86.Build.0 = Debug|Any CPU
		{40075290-CD4A-4D7C-BFF7-BA587340A0DF}.Release|Any CPU.ActiveCfg = Release|Any CPU
		{40075290-CD4A-4D7C-BFF7-BA587340A0DF}.Release|Any CPU.Build.0 = Release|Any CPU
		{40075290-CD4A-4D7C-BFF7-BA587340A0DF}.Release|x64.ActiveCfg = Release|Any CPU
		{40075290-CD4A-4D7C-BFF7-BA587340A0DF}.Release|x64.Build.0 = Release|Any CPU
		{40075290-CD4A-4D7C-BFF7-BA587340A0DF}.Release|x86.ActiveCfg = Release|Any CPU
		{40075290-CD4A-4D7C-BFF7-BA587340A0DF}.Release|x86.Build.0 = Release|Any CPU
		{935A0A72-922E-44BD-B470-7408E0783563}.Debug|Any CPU.ActiveCfg = Debug|Any CPU
		{935A0A72-922E-44BD-B470-7408E0783563}.Debug|Any CPU.Build.0 = Debug|Any CPU
		{935A0A72-922E-44BD-B470-7408E0783563}.Debug|x64.ActiveCfg = Debug|Any CPU
		{935A0A72-922E-44BD-B470-7408E0783563}.Debug|x64.Build.0 = Debug|Any CPU
		{935A0A72-922E-44BD-B470-7408E0783563}.Debug|x86.ActiveCfg = Debug|Any CPU
		{935A0A72-922E-44BD-B470-7408E0783563}.Debug|x86.Build.0 = Debug|Any CPU
		{935A0A72-922E-44BD-B470-7408E0783563}.Release|Any CPU.ActiveCfg = Release|Any CPU
		{935A0A72-922E-44BD-B470-7408E0783563}.Release|Any CPU.Build.0 = Release|Any CPU
		{935A0A72-922E-44BD-B470-7408E0783563}.Release|x64.ActiveCfg = Release|Any CPU
		{935A0A72-922E-44BD-B470-7408E0783563}.Release|x64.Build.0 = Release|Any CPU
		{935A0A72-922E-44BD-B470-7408E0783563}.Release|x86.ActiveCfg = Release|Any CPU
		{935A0A72-922E-44BD-B470-7408E0783563}.Release|x86.Build.0 = Release|Any CPU
		{70C75018-A453-4EDA-8C1D-41F0AC928732}.Debug|Any CPU.ActiveCfg = Debug|Any CPU
		{70C75018-A453-4EDA-8C1D-41F0AC928732}.Debug|Any CPU.Build.0 = Debug|Any CPU
		{70C75018-A453-4EDA-8C1D-41F0AC928732}.Debug|x64.ActiveCfg = Debug|Any CPU
		{70C75018-A453-4EDA-8C1D-41F0AC928732}.Debug|x64.Build.0 = Debug|Any CPU
		{70C75018-A453-4EDA-8C1D-41F0AC928732}.Debug|x86.ActiveCfg = Debug|Any CPU
		{70C75018-A453-4EDA-8C1D-41F0AC928732}.Debug|x86.Build.0 = Debug|Any CPU
		{70C75018-A453-4EDA-8C1D-41F0AC928732}.Release|Any CPU.ActiveCfg = Release|Any CPU
		{70C75018-A453-4EDA-8C1D-41F0AC928732}.Release|Any CPU.Build.0 = Release|Any CPU
		{70C75018-A453-4EDA-8C1D-41F0AC928732}.Release|x64.ActiveCfg = Release|Any CPU
		{70C75018-A453-4EDA-8C1D-41F0AC928732}.Release|x64.Build.0 = Release|Any CPU
		{70C75018-A453-4EDA-8C1D-41F0AC928732}.Release|x86.ActiveCfg = Release|Any CPU
		{70C75018-A453-4EDA-8C1D-41F0AC928732}.Release|x86.Build.0 = Release|Any CPU
	EndGlobalSection
	GlobalSection(SolutionProperties) = preSolution
		HideSolutionNode = FALSE
	EndGlobalSection
	GlobalSection(ExtensibilityGlobals) = postSolution
		SolutionGuid = {44A014FC-6D5B-4810-B056-BC3C70EB13D2}
	EndGlobalSection
EndGlobal
